
Microsoft Visual Studio Solution File, Format Version 12.00
# Visual Studio Version 16
VisualStudioVersion = 16.0.31313.79
MinimumVisualStudioVersion = 10.0.40219.1
Project("{FAE04EC0-301F-11D3-BF4B-00C04F79EFBC}") = "Klausur Aufgabe Block1 FI191", "Klausur Aufgabe Block1 FI191.csproj", "{0A3598D1-2AE8-4929-891E-A7A472CC1898}"
EndProject
Global
	GlobalSection(SolutionConfigurationPlatforms) = preSolution
		Debug|Any CPU = Debug|Any CPU
		Release|Any CPU = Release|Any CPU
	EndGlobalSection
	GlobalSection(ProjectConfigurationPlatforms) = postSolution
		{0A3598D1-2AE8-4929-891E-A7A472CC1898}.Debug|Any CPU.ActiveCfg = Debug|Any CPU
		{0A3598D1-2AE8-4929-891E-A7A472CC1898}.Debug|Any CPU.Build.0 = Debug|Any CPU
		{0A3598D1-2AE8-4929-891E-A7A472CC1898}.Release|Any CPU.ActiveCfg = Release|Any CPU
		{0A3598D1-2AE8-4929-891E-A7A472CC1898}.Release|Any CPU.Build.0 = Release|Any CPU
	EndGlobalSection
	GlobalSection(SolutionProperties) = preSolution
		HideSolutionNode = FALSE
	EndGlobalSection
	GlobalSection(ExtensibilityGlobals) = postSolution
		SolutionGuid = {143E10F8-8DED-4AC0-A05F-33FA245B9CBB}
	EndGlobalSection
EndGlobal
